
Microsoft Visual Studio Solution File, Format Version 12.00
# Visual Studio Version 17
VisualStudioVersion = 17.9.34622.214
MinimumVisualStudioVersion = 10.0.40219.1
Project("{FAE04EC0-301F-11D3-BF4B-00C04F79EFBC}") = "BlazorDialog", "BlazorDialog\BlazorDialog.csproj", "{76BD93B5-B24A-43B4-8C02-5EC4ECD2B36B}"
EndProject
Global
	GlobalSection(SolutionConfigurationPlatforms) = preSolution
		Debug|Any CPU = Debug|Any CPU
		Release|Any CPU = Release|Any CPU
	EndGlobalSection
	GlobalSection(ProjectConfigurationPlatforms) = postSolution
		{76BD93B5-B24A-43B4-8C02-5EC4ECD2B36B}.Debug|Any CPU.ActiveCfg = Debug|Any CPU
		{76BD93B5-B24A-43B4-8C02-5EC4ECD2B36B}.Debug|Any CPU.Build.0 = Debug|Any CPU
		{76BD93B5-B24A-43B4-8C02-5EC4ECD2B36B}.Release|Any CPU.ActiveCfg = Release|Any CPU
		{76BD93B5-B24A-43B4-8C02-5EC4ECD2B36B}.Release|Any CPU.Build.0 = Release|Any CPU
	EndGlobalSection
	GlobalSection(SolutionProperties) = preSolution
		HideSolutionNode = FALSE
	EndGlobalSection
	GlobalSection(ExtensibilityGlobals) = postSolution
		SolutionGuid = {F10550E5-F77F-4FC4-A6C1-3E65247134B1}
	EndGlobalSection
EndGlobal
